
Microsoft Visual Studio Solution File, Format Version 12.00
# Visual Studio Version 17
VisualStudioVersion = 17.14.36804.6 d17.14
MinimumVisualStudioVersion = 10.0.40219.1
Project("{FAE04EC0-301F-11D3-BF4B-00C04F79EFBC}") = "LinearlyOneToN", "LinearlyOneToN.csproj", "{3999741A-E7CE-40ED-A119-9D04CD9DD6B9}"
EndProject
Global
	GlobalSection(SolutionConfigurationPlatforms) = preSolution
		Debug|Any CPU = Debug|Any CPU
		Release|Any CPU = Release|Any CPU
	EndGlobalSection
	GlobalSection(ProjectConfigurationPlatforms) = postSolution
		{3999741A-E7CE-40ED-A119-9D04CD9DD6B9}.Debug|Any CPU.ActiveCfg = Debug|Any CPU
		{3999741A-E7CE-40ED-A119-9D04CD9DD6B9}.Debug|Any CPU.Build.0 = Debug|Any CPU
		{3999741A-E7CE-40ED-A119-9D04CD9DD6B9}.Release|Any CPU.ActiveCfg = Release|Any CPU
		{3999741A-E7CE-40ED-A119-9D04CD9DD6B9}.Release|Any CPU.Build.0 = Release|Any CPU
	EndGlobalSection
	GlobalSection(SolutionProperties) = preSolution
		HideSolutionNode = FALSE
	EndGlobalSection
	GlobalSection(ExtensibilityGlobals) = postSolution
		SolutionGuid = {F953FE49-364E-4F2A-BBDF-A2C76114B4AD}
	EndGlobalSection
EndGlobal
